{
  "version": 4,
  "terraform_version": "0.12.3",
  "serial": 8,
  "lineage": "7c73225e-5ae9-8d35-2d80-c6789ffd78c5",
  "outputs": {},
  "resources": [
    {
      "module": "module.lambda_python_w_deps",
      "mode": "data",
      "type": "archive_file",
      "name": "package",
      "provider": "provider.archive",
      "instances": [
        {
          "schema_version": 0,
          "attributes": {
            "excludes": null,
            "id": "8b4eaf77244380b332b699b7d0b904dd09f3c17b",
            "output_base64sha256": "yklqdXIr7EnPnX5W2snx+5asob6P0Za3WCGfaoqUuek=",
            "output_md5": "6a893eda0f680a047e892025418eab8a",
            "output_path": "package.zip",
            "output_sha": "8b4eaf77244380b332b699b7d0b904dd09f3c17b",
            "output_size": 915505,
            "source": [],
            "source_content": null,
            "source_content_filename": null,
            "source_dir": "/tmp/python_lambda_package",
            "source_file": null,
            "type": "zip"
          },
          "depends_on": [
            "data.null_data_source.packaging_changes"
          ]
        }
      ]
    },
    {
      "module": "module.lambda_python_w_deps",
      "mode": "data",
      "type": "null_data_source",
      "name": "packaging_changes",
      "provider": "provider.null",
      "instances": [
        {
          "schema_version": 0,
          "attributes": {
            "has_computed_default": "default",
            "id": "static",
            "inputs": {
              "null_id": "5419160977614451168",
              "package_path": "package.zip"
            },
            "outputs": {
              "null_id": "5419160977614451168",
              "package_path": "package.zip"
            },
            "random": "3061929889064587707"
          },
          "depends_on": [
            "null_resource.packaging"
          ]
        }
      ]
    },
    {
      "mode": "managed",
      "type": "aws_iam_role",
      "name": "iam_for_check_bucket_2",
      "provider": "provider.aws",
      "instances": [
        {
          "schema_version": 0,
          "attributes": {
            "arn": "arn:aws:iam::030732573721:role/iam_for_check_bucket_2",
            "assume_role_policy": "{\"Version\":\"2012-10-17\",\"Statement\":[{\"Sid\":\"\",\"Effect\":\"Allow\",\"Principal\":{\"Service\":\"lambda.amazonaws.com\"},\"Action\":\"sts:AssumeRole\"}]}",
            "create_date": "2022-05-27T13:36:16Z",
            "description": "",
            "force_detach_policies": false,
            "id": "iam_for_check_bucket_2",
            "inline_policy": [
              {
                "name": "",
                "policy": ""
              }
            ],
            "managed_policy_arns": [],
            "max_session_duration": 3600,
            "name": "iam_for_check_bucket_2",
            "name_prefix": null,
            "path": "/",
            "permissions_boundary": null,
            "tags": {},
            "unique_id": "AROAQOJ6N3QM4Y6GFND22"
          },
          "private": "bnVsbA=="
        }
      ]
    },
    {
      "mode": "managed",
      "type": "aws_lambda_function",
      "name": "hello_world",
      "provider": "provider.aws",
      "instances": [
        {
          "schema_version": 0,
          "attributes": {
            "arn": "arn:aws:lambda:eu-central-1:030732573721:function:bucket_list_1",
            "code_signing_config_arn": "",
            "dead_letter_config": [],
            "description": "Lambda for testing dependencies",
            "environment": [],
            "file_system_config": [],
            "filename": "package.zip",
            "function_name": "bucket_list_1",
            "handler": "test.handler",
            "id": "bucket_list_1",
            "image_config": [],
            "image_uri": "",
            "invoke_arn": "arn:aws:apigateway:eu-central-1:lambda:path/2015-03-31/functions/arn:aws:lambda:eu-central-1:030732573721:function:bucket_list_1/invocations",
            "kms_key_arn": "",
            "last_modified": "2022-05-27T13:36:47.148+0000",
            "layers": null,
            "memory_size": 128,
            "package_type": "Zip",
            "publish": true,
            "qualified_arn": "arn:aws:lambda:eu-central-1:030732573721:function:bucket_list_1:1",
            "reserved_concurrent_executions": -1,
            "role": "arn:aws:iam::030732573721:role/iam_for_check_bucket_2",
            "runtime": "python3.8",
            "s3_bucket": null,
            "s3_key": null,
            "s3_object_version": null,
            "signing_job_arn": "",
            "signing_profile_version_arn": "",
            "source_code_hash": "yklqdXIr7EnPnX5W2snx+5asob6P0Za3WCGfaoqUuek=",
            "source_code_size": 915505,
            "tags": null,
            "timeout": 120,
            "timeouts": null,
            "tracing_config": [
              {
                "mode": "PassThrough"
              }
            ],
            "version": "1",
            "vpc_config": []
          },
          "private": "eyJlMmJmYjczMC1lY2FhLTExZTYtOGY4OC0zNDM2M2JjN2M0YzAiOnsiY3JlYXRlIjo2MDAwMDAwMDAwMDB9fQ==",
          "depends_on": [
            "aws_iam_role.iam_for_check_bucket_2",
            "module.lambda_python_w_deps"
          ]
        }
      ]
    },
    {
      "module": "module.lambda_python_w_deps",
      "mode": "managed",
      "type": "null_resource",
      "name": "packaging",
      "provider": "provider.null",
      "instances": [
        {
          "schema_version": 0,
          "attributes": {
            "id": "5419160977614451168",
            "triggers": {
              "dependencies": "pyfiglet==0.8.post1",
              "script_sha1": "64d3259d6861bae8ee9728bbdcbc912cd33d7d5e"
            }
          },
          "private": "bnVsbA=="
        }
      ]
    }
  ]
}
