{
  "version": 4,
  "terraform_version": "0.12.3",
  "serial": 8,
  "lineage": "ea184edc-2dab-ad5a-cbee-24307e6ea50e",
  "outputs": {},
  "resources": [
    {
      "mode": "managed",
      "type": "aws_iam_role",
      "name": "iam_for_check_bucket_6",
      "provider": "provider.aws",
      "instances": [
        {
          "schema_version": 0,
          "attributes": {
            "arn": "arn:aws:iam::030732573721:role/iam_for_check_bucket_6",
            "assume_role_policy": "{\"Version\":\"2012-10-17\",\"Statement\":[{\"Sid\":\"\",\"Effect\":\"Allow\",\"Principal\":{\"Service\":\"lambda.amazonaws.com\"},\"Action\":\"sts:AssumeRole\"}]}",
            "create_date": "2022-05-27T14:47:47Z",
            "description": "",
            "force_detach_policies": false,
            "id": "iam_for_check_bucket_6",
            "inline_policy": [
              {
                "name": "",
                "policy": ""
              }
            ],
            "managed_policy_arns": [],
            "max_session_duration": 3600,
            "name": "iam_for_check_bucket_6",
            "name_prefix": null,
            "path": "/",
            "permissions_boundary": null,
            "tags": null,
            "unique_id": "AROAQOJ6N3QMX4WPUAARJ"
          },
          "private": "bnVsbA=="
        }
      ]
    },
    {
      "mode": "managed",
      "type": "aws_lambda_function",
      "name": "public_bucket",
      "provider": "provider.aws",
      "instances": [
        {
          "schema_version": 0,
          "attributes": {
            "arn": "arn:aws:lambda:eu-central-1:030732573721:function:public_bucket_6",
            "code_signing_config_arn": "",
            "dead_letter_config": [],
            "description": "Searching public buckets",
            "environment": [],
            "file_system_config": [],
            "filename": "./script.zip",
            "function_name": "public_bucket_6",
            "handler": "test.handler",
            "id": "public_bucket_6",
            "image_config": [],
            "image_uri": "",
            "invoke_arn": "arn:aws:apigateway:eu-central-1:lambda:path/2015-03-31/functions/arn:aws:lambda:eu-central-1:030732573721:function:public_bucket_6/invocations",
            "kms_key_arn": "",
            "last_modified": "2022-05-27T14:48:04.866+0000",
            "layers": null,
            "memory_size": 128,
            "package_type": "Zip",
            "publish": true,
            "qualified_arn": "arn:aws:lambda:eu-central-1:030732573721:function:public_bucket_6:1",
            "reserved_concurrent_executions": -1,
            "role": "arn:aws:iam::030732573721:role/iam_for_check_bucket_6",
            "runtime": "python3.8",
            "s3_bucket": null,
            "s3_key": null,
            "s3_object_version": null,
            "signing_job_arn": "",
            "signing_profile_version_arn": "",
            "source_code_hash": "jHQKEuIH+3mn37ioy6pH3r9FD3cIMry1MmgY+Q30maE=",
            "source_code_size": 421,
            "tags": null,
            "timeout": 120,
            "timeouts": null,
            "tracing_config": [
              {
                "mode": "PassThrough"
              }
            ],
            "version": "1",
            "vpc_config": []
          },
          "private": "eyJlMmJmYjczMC1lY2FhLTExZTYtOGY4OC0zNDM2M2JjN2M0YzAiOnsiY3JlYXRlIjo2MDAwMDAwMDAwMDB9fQ==",
          "depends_on": [
            "aws_iam_role.iam_for_check_bucket_6"
          ]
        }
      ]
    }
  ]
}
